
Microsoft Visual Studio Solution File, Format Version 12.00
# Visual Studio Version 16
VisualStudioVersion = 16.0.34301.259
MinimumVisualStudioVersion = 10.0.40219.1
Project("{8BC9CEB8-8B4A-11D0-8D11-00A0C91BC942}") = "client", "NetcodeTest\NetcodeTest.vcxproj", "{9949EE1B-5C72-4D51-B721-E19A29383D20}"
EndProject
Project("{8BC9CEB8-8B4A-11D0-8D11-00A0C91BC942}") = "server", "server\server.vcxproj", "{16848394-31A5-48FF-8B5D-58F5F37E143A}"
EndProject
Project("{8BC9CEB8-8B4A-11D0-8D11-00A0C91BC942}") = "peerToPer", "peerToPer\peerToPer.vcxproj", "{EFABF2E2-C732-43F9-A326-50406974A2B4}"
EndProject
Global
	GlobalSection(SolutionConfigurationPlatforms) = preSolution
		Debug|x64 = Debug|x64
		Debug|x86 = Debug|x86
		Release|x64 = Release|x64
		Release|x86 = Release|x86
	EndGlobalSection
	GlobalSection(ProjectConfigurationPlatforms) = postSolution
		{9949EE1B-5C72-4D51-B721-E19A29383D20}.Debug|x64.ActiveCfg = Debug|x64
		{9949EE1B-5C72-4D51-B721-E19A29383D20}.Debug|x64.Build.0 = Debug|x64
		{9949EE1B-5C72-4D51-B721-E19A29383D20}.Debug|x86.ActiveCfg = Debug|Win32
		{9949EE1B-5C72-4D51-B721-E19A29383D20}.Debug|x86.Build.0 = Debug|Win32
		{9949EE1B-5C72-4D51-B721-E19A29383D20}.Release|x64.ActiveCfg = Release|x64
		{9949EE1B-5C72-4D51-B721-E19A29383D20}.Release|x64.Build.0 = Release|x64
		{9949EE1B-5C72-4D51-B721-E19A29383D20}.Release|x86.ActiveCfg = Release|Win32
		{9949EE1B-5C72-4D51-B721-E19A29383D20}.Release|x86.Build.0 = Release|Win32
		{16848394-31A5-48FF-8B5D-58F5F37E143A}.Debug|x64.ActiveCfg = Debug|x64
		{16848394-31A5-48FF-8B5D-58F5F37E143A}.Debug|x64.Build.0 = Debug|x64
		{16848394-31A5-48FF-8B5D-58F5F37E143A}.Debug|x86.ActiveCfg = Debug|Win32
		{16848394-31A5-48FF-8B5D-58F5F37E143A}.Debug|x86.Build.0 = Debug|Win32
		{16848394-31A5-48FF-8B5D-58F5F37E143A}.Release|x64.ActiveCfg = Release|x64
		{16848394-31A5-48FF-8B5D-58F5F37E143A}.Release|x64.Build.0 = Release|x64
		{16848394-31A5-48FF-8B5D-58F5F37E143A}.Release|x86.ActiveCfg = Release|Win32
		{16848394-31A5-48FF-8B5D-58F5F37E143A}.Release|x86.Build.0 = Release|Win32
		{EFABF2E2-C732-43F9-A326-50406974A2B4}.Debug|x64.ActiveCfg = Debug|x64
		{EFABF2E2-C732-43F9-A326-50406974A2B4}.Debug|x64.Build.0 = Debug|x64
		{EFABF2E2-C732-43F9-A326-50406974A2B4}.Debug|x86.ActiveCfg = Debug|Win32
		{EFABF2E2-C732-43F9-A326-50406974A2B4}.Debug|x86.Build.0 = Debug|Win32
		{EFABF2E2-C732-43F9-A326-50406974A2B4}.Release|x64.ActiveCfg = Release|x64
		{EFABF2E2-C732-43F9-A326-50406974A2B4}.Release|x64.Build.0 = Release|x64
		{EFABF2E2-C732-43F9-A326-50406974A2B4}.Release|x86.ActiveCfg = Release|Win32
		{EFABF2E2-C732-43F9-A326-50406974A2B4}.Release|x86.Build.0 = Release|Win32
	EndGlobalSection
	GlobalSection(SolutionProperties) = preSolution
		HideSolutionNode = FALSE
	EndGlobalSection
	GlobalSection(ExtensibilityGlobals) = postSolution
		SolutionGuid = {5E1B4CDF-001F-4FB4-8546-9BC702053408}
	EndGlobalSection
EndGlobal
